
Microsoft Visual Studio Solution File, Format Version 12.00
# Visual Studio Version 16
VisualStudioVersion = 16.0.30907.101
MinimumVisualStudioVersion = 10.0.40219.1
Project("{9A19103F-16F7-4668-BE54-9A1E7A4F7556}") = "PM.UI", "PM.UI\PM.UI.csproj", "{BD3199A9-7BA6-4D75-B195-E222C1EA4C8C}"
EndProject
Project("{9A19103F-16F7-4668-BE54-9A1E7A4F7556}") = "PM.Data", "PM.Data\PM.Data.csproj", "{764648E6-96AB-4B46-ABCB-5F2E24F598CE}"
EndProject
Project("{9A19103F-16F7-4668-BE54-9A1E7A4F7556}") = "PM.Service", "PM.Service\PM.Service.csproj", "{739EC780-E72A-4A8B-9979-985A09293919}"
EndProject
Project("{FAE04EC0-301F-11D3-BF4B-00C04F79EFBC}") = "PM.ServiceTests", "PM.ServiceTests\PM.ServiceTests.csproj", "{BE3D5C71-BB64-417C-97A5-53A3DFF8278F}"
EndProject
Global
	GlobalSection(SolutionConfigurationPlatforms) = preSolution
		Debug|Any CPU = Debug|Any CPU
		Release|Any CPU = Release|Any CPU
	EndGlobalSection
	GlobalSection(ProjectConfigurationPlatforms) = postSolution
		{BD3199A9-7BA6-4D75-B195-E222C1EA4C8C}.Debug|Any CPU.ActiveCfg = Debug|Any CPU
		{BD3199A9-7BA6-4D75-B195-E222C1EA4C8C}.Debug|Any CPU.Build.0 = Debug|Any CPU
		{BD3199A9-7BA6-4D75-B195-E222C1EA4C8C}.Release|Any CPU.ActiveCfg = Release|Any CPU
		{BD3199A9-7BA6-4D75-B195-E222C1EA4C8C}.Release|Any CPU.Build.0 = Release|Any CPU
		{764648E6-96AB-4B46-ABCB-5F2E24F598CE}.Debug|Any CPU.ActiveCfg = Debug|Any CPU
		{764648E6-96AB-4B46-ABCB-5F2E24F598CE}.Debug|Any CPU.Build.0 = Debug|Any CPU
		{764648E6-96AB-4B46-ABCB-5F2E24F598CE}.Release|Any CPU.ActiveCfg = Release|Any CPU
		{764648E6-96AB-4B46-ABCB-5F2E24F598CE}.Release|Any CPU.Build.0 = Release|Any CPU
		{739EC780-E72A-4A8B-9979-985A09293919}.Debug|Any CPU.ActiveCfg = Debug|Any CPU
		{739EC780-E72A-4A8B-9979-985A09293919}.Debug|Any CPU.Build.0 = Debug|Any CPU
		{739EC780-E72A-4A8B-9979-985A09293919}.Release|Any CPU.ActiveCfg = Release|Any CPU
		{739EC780-E72A-4A8B-9979-985A09293919}.Release|Any CPU.Build.0 = Release|Any CPU
		{BE3D5C71-BB64-417C-97A5-53A3DFF8278F}.Debug|Any CPU.ActiveCfg = Debug|Any CPU
		{BE3D5C71-BB64-417C-97A5-53A3DFF8278F}.Debug|Any CPU.Build.0 = Debug|Any CPU
		{BE3D5C71-BB64-417C-97A5-53A3DFF8278F}.Release|Any CPU.ActiveCfg = Release|Any CPU
		{BE3D5C71-BB64-417C-97A5-53A3DFF8278F}.Release|Any CPU.Build.0 = Release|Any CPU
	EndGlobalSection
	GlobalSection(SolutionProperties) = preSolution
		HideSolutionNode = FALSE
	EndGlobalSection
	GlobalSection(ExtensibilityGlobals) = postSolution
		SolutionGuid = {D6E6644B-B728-49D4-BD54-92BD9555EF19}
	EndGlobalSection
EndGlobal
